
Microsoft Visual Studio Solution File, Format Version 12.00
# Visual Studio Version 16
VisualStudioVersion = 16.0.31410.357
MinimumVisualStudioVersion = 10.0.40219.1
Project("{FAE04EC0-301F-11D3-BF4B-00C04F79EFBC}") = "Resto.Front.Api.OlginkaPlugin", "Resto.Front.Api.OlginkaPlugin.csproj", "{9C36694E-ECA5-464D-807B-7ED7020B1364}"
EndProject
Global
	GlobalSection(SolutionConfigurationPlatforms) = preSolution
		Debug|Any CPU = Debug|Any CPU
		Release|Any CPU = Release|Any CPU
	EndGlobalSection
	GlobalSection(ProjectConfigurationPlatforms) = postSolution
		{9C36694E-ECA5-464D-807B-7ED7020B1364}.Debug|Any CPU.ActiveCfg = Debug|Any CPU
		{9C36694E-ECA5-464D-807B-7ED7020B1364}.Debug|Any CPU.Build.0 = Debug|Any CPU
		{9C36694E-ECA5-464D-807B-7ED7020B1364}.Release|Any CPU.ActiveCfg = Release|Any CPU
		{9C36694E-ECA5-464D-807B-7ED7020B1364}.Release|Any CPU.Build.0 = Release|Any CPU
	EndGlobalSection
	GlobalSection(SolutionProperties) = preSolution
		HideSolutionNode = FALSE
	EndGlobalSection
	GlobalSection(ExtensibilityGlobals) = postSolution
		SolutionGuid = {3A9DC737-6C58-41BF-A90E-7CB70F5960B8}
	EndGlobalSection
EndGlobal
